
Microsoft Visual Studio Solution File, Format Version 12.00
Project("{FAE04EC0-301F-11D3-BF4B-00C04F79EFBC}") = "FileManager", "FileManager\FileManager.csproj", "{5BE5DF95-5CF4-46CE-BEC3-C23CB3AD81AA}"
EndProject
Global
	GlobalSection(SolutionConfigurationPlatforms) = preSolution
		Debug|Any CPU = Debug|Any CPU
		Release|Any CPU = Release|Any CPU
	EndGlobalSection
	GlobalSection(ProjectConfigurationPlatforms) = postSolution
		{5BE5DF95-5CF4-46CE-BEC3-C23CB3AD81AA}.Debug|Any CPU.ActiveCfg = Debug|Any CPU
		{5BE5DF95-5CF4-46CE-BEC3-C23CB3AD81AA}.Debug|Any CPU.Build.0 = Debug|Any CPU
		{5BE5DF95-5CF4-46CE-BEC3-C23CB3AD81AA}.Release|Any CPU.ActiveCfg = Release|Any CPU
		{5BE5DF95-5CF4-46CE-BEC3-C23CB3AD81AA}.Release|Any CPU.Build.0 = Release|Any CPU
	EndGlobalSection
EndGlobal
